Microsoft Visual Studio Solution File, Format Version 12.00
# Visual Studio Version 17
VisualStudioVersion = 17.0.31903.59
MinimumVisualStudioVersion = 10.0.40219.1
Project("{2150E333-8FDC-42A3-9474-1A3956D46DE8}") = "src", "src", "{8B1A7F8E-8B1A-4F8E-8B1A-7F8E8B1A4F8E}"
EndProject
Project("{2150E333-8FDC-42A3-9474-1A3956D46DE8}") = "tests", "tests", "{9C2B8G9F-9C2B-5G9F-9C2B-8G9F9C2B5G9F}"
EndProject
Project("{2150E333-8FDC-42A3-9474-1A3956D46DE8}") = "Lancamentos", "Lancamentos", "{A1B2C3D4-A1B2-C3D4-A1B2-C3D4A1B2C3D4}"
EndProject
Project("{2150E333-8FDC-42A3-9474-1A3956D46DE8}") = "Consolidado", "Consolidado", "{B2C3D4E5-B2C3-D4E5-B2C3-D4E5B2C3D4E5}"
EndProject
Project("{2150E333-8FDC-42A3-9474-1A3956D46DE8}") = "Shared", "Shared", "{C3D4E5F6-C3D4-E5F6-C3D4-E5F6C3D4E5F6}"
EndProject
Project("{FAE04EC0-301F-11D3-BF4B-00C04F79EFBC}") = "Lancamentos.Domain", "src\Lancamentos\Lancamentos.Domain\Lancamentos.Domain.csproj", "{D4E5F6G7-D4E5-F6G7-D4E5-F6G7D4E5F6G7}"
EndProject
Project("{FAE04EC0-301F-11D3-BF4B-00C04F79EFBC}") = "Lancamentos.Application", "src\Lancamentos\Lancamentos.Application\Lancamentos.Application.csproj", "{E5F6G7H8-E5F6-G7H8-E5F6-G7H8E5F6G7H8}"
EndProject
Project("{FAE04EC0-301F-11D3-BF4B-00C04F79EFBC}") = "Lancamentos.Infrastructure", "src\Lancamentos\Lancamentos.Infrastructure\Lancamentos.Infrastructure.csproj", "{F6G7H8I9-F6G7-H8I9-F6G7-H8I9F6G7H8I9}"
EndProject
Project("{FAE04EC0-301F-11D3-BF4B-00C04F79EFBC}") = "Lancamentos.API", "src\Lancamentos\Lancamentos.API\Lancamentos.API.csproj", "{G7H8I9J0-G7H8-I9J0-G7H8-I9J0G7H8I9J0}"
EndProject
Project("{FAE04EC0-301F-11D3-BF4B-00C04F79EFBC}") = "Consolidado.Domain", "src\Consolidado\Consolidado.Domain\Consolidado.Domain.csproj", "{H8I9J0K1-H8I9-J0K1-H8I9-J0K1H8I9J0K1}"
EndProject
Project("{FAE04EC0-301F-11D3-BF4B-00C04F79EFBC}") = "Consolidado.Application", "src\Consolidado\Consolidado.Application\Consolidado.Application.csproj", "{I9J0K1L2-I9J0-K1L2-I9J0-K1L2I9J0K1L2}"
EndProject
Project("{FAE04EC0-301F-11D3-BF4B-00C04F79EFBC}") = "Consolidado.Infrastructure", "src\Consolidado\Consolidado.Infrastructure\Consolidado.Infrastructure.csproj", "{J0K1L2M3-J0K1-L2M3-J0K1-L2M3J0K1L2M3}"
EndProject
Project("{FAE04EC0-301F-11D3-BF4B-00C04F79EFBC}") = "Consolidado.API", "src\Consolidado\Consolidado.API\Consolidado.API.csproj", "{K1L2M3N4-K1L2-M3N4-K1L2-M3N4K1L2M3N4}"
EndProject
Project("{FAE04EC0-301F-11D3-BF4B-00C04F79EFBC}") = "FluxoCaixa.Shared", "src\Shared\FluxoCaixa.Shared\FluxoCaixa.Shared.csproj", "{L2M3N4O5-L2M3-N4O5-L2M3-N4O5L2M3N4O5}"
EndProject
Project("{FAE04EC0-301F-11D3-BF4B-00C04F79EFBC}") = "Lancamentos.Tests", "tests\Lancamentos.Tests\Lancamentos.Tests.csproj", "{M3N4O5P6-M3N4-O5P6-M3N4-O5P6M3N4O5P6}"
EndProject
Project("{FAE04EC0-301F-11D3-BF4B-00C04F79EFBC}") = "Consolidado.Tests", "tests\Consolidado.Tests\Consolidado.Tests.csproj", "{N4O5P6Q7-N4O5-P6Q7-N4O5-P6Q7N4O5P6Q7}"
EndProject
Global
	GlobalSection(SolutionConfigurationPlatforms) = preSolution
		Debug|Any CPU = Debug|Any CPU
		Release|Any CPU = Release|Any CPU
	EndGlobalSection
	GlobalSection(ProjectConfigurationPlatforms) = postSolution
		{D4E5F6G7-D4E5-F6G7-D4E5-F6G7D4E5F6G7}.Debug|Any CPU.ActiveCfg = Debug|Any CPU
		{D4E5F6G7-D4E5-F6G7-D4E5-F6G7D4E5F6G7}.Debug|Any CPU.Build.0 = Debug|Any CPU
		{D4E5F6G7-D4E5-F6G7-D4E5-F6G7D4E5F6G7}.Release|Any CPU.ActiveCfg = Release|Any CPU
		{D4E5F6G7-D4E5-F6G7-D4E5-F6G7D4E5F6G7}.Release|Any CPU.Build.0 = Release|Any CPU
		{E5F6G7H8-E5F6-G7H8-E5F6-G7H8E5F6G7H8}.Debug|Any CPU.ActiveCfg = Debug|Any CPU
		{E5F6G7H8-E5F6-G7H8-E5F6-G7H8E5F6G7H8}.Debug|Any CPU.Build.0 = Debug|Any CPU
		{E5F6G7H8-E5F6-G7H8-E5F6-G7H8E5F6G7H8}.Release|Any CPU.ActiveCfg = Release|Any CPU
		{E5F6G7H8-E5F6-G7H8-E5F6-G7H8E5F6G7H8}.Release|Any CPU.Build.0 = Release|Any CPU
		{F6G7H8I9-F6G7-H8I9-F6G7-H8I9F6G7H8I9}.Debug|Any CPU.ActiveCfg = Debug|Any CPU
		{F6G7H8I9-F6G7-H8I9-F6G7-H8I9F6G7H8I9}.Debug|Any CPU.Build.0 = Debug|Any CPU
		{F6G7H8I9-F6G7-H8I9-F6G7-H8I9F6G7H8I9}.Release|Any CPU.ActiveCfg = Release|Any CPU
		{F6G7H8I9-F6G7-H8I9-F6G7-H8I9F6G7H8I9}.Release|Any CPU.Build.0 = Release|Any CPU
		{G7H8I9J0-G7H8-I9J0-G7H8-I9J0G7H8I9J0}.Debug|Any CPU.ActiveCfg = Debug|Any CPU
		{G7H8I9J0-G7H8-I9J0-G7H8-I9J0G7H8I9J0}.Debug|Any CPU.Build.0 = Debug|Any CPU
		{G7H8I9J0-G7H8-I9J0-G7H8-I9J0G7H8I9J0}.Release|Any CPU.ActiveCfg = Release|Any CPU
		{G7H8I9J0-G7H8-I9J0-G7H8-I9J0G7H8I9J0}.Release|Any CPU.Build.0 = Release|Any CPU
		{H8I9J0K1-H8I9-J0K1-H8I9-J0K1H8I9J0K1}.Debug|Any CPU.ActiveCfg = Debug|Any CPU
		{H8I9J0K1-H8I9-J0K1-H8I9-J0K1H8I9J0K1}.Debug|Any CPU.Build.0 = Debug|Any CPU
		{H8I9J0K1-H8I9-J0K1-H8I9-J0K1H8I9J0K1}.Release|Any CPU.ActiveCfg = Release|Any CPU
		{H8I9J0K1-H8I9-J0K1-H8I9-J0K1H8I9J0K1}.Release|Any CPU.Build.0 = Release|Any CPU
		{I9J0K1L2-I9J0-K1L2-I9J0-K1L2I9J0K1L2}.Debug|Any CPU.ActiveCfg = Debug|Any CPU
		{I9J0K1L2-I9J0-K1L2-I9J0-K1L2I9J0K1L2}.Debug|Any CPU.Build.0 = Debug|Any CPU
		{I9J0K1L2-I9J0-K1L2-I9J0-K1L2I9J0K1L2}.Release|Any CPU.ActiveCfg = Release|Any CPU
		{I9J0K1L2-I9J0-K1L2-I9J0-K1L2I9J0K1L2}.Release|Any CPU.Build.0 = Release|Any CPU
		{J0K1L2M3-J0K1-L2M3-J0K1-L2M3J0K1L2M3}.Debug|Any CPU.ActiveCfg = Debug|Any CPU
		{J0K1L2M3-J0K1-L2M3-J0K1-L2M3J0K1L2M3}.Debug|Any CPU.Build.0 = Debug|Any CPU
		{J0K1L2M3-J0K1-L2M3-J0K1-L2M3J0K1L2M3}.Release|Any CPU.ActiveCfg = Release|Any CPU
		{J0K1L2M3-J0K1-L2M3-J0K1-L2M3J0K1L2M3}.Release|Any CPU.Build.0 = Release|Any CPU
		{K1L2M3N4-K1L2-M3N4-K1L2-M3N4K1L2M3N4}.Debug|Any CPU.ActiveCfg = Debug|Any CPU
		{K1L2M3N4-K1L2-M3N4-K1L2-M3N4K1L2M3N4}.Debug|Any CPU.Build.0 = Debug|Any CPU
		{K1L2M3N4-K1L2-M3N4-K1L2-M3N4K1L2M3N4}.Release|Any CPU.ActiveCfg = Release|Any CPU
		{K1L2M3N4-K1L2-M3N4-K1L2-M3N4K1L2M3N4}.Release|Any CPU.Build.0 = Release|Any CPU
		{L2M3N4O5-L2M3-N4O5-L2M3-N4O5L2M3N4O5}.Debug|Any CPU.ActiveCfg = Debug|Any CPU
		{L2M3N4O5-L2M3-N4O5-L2M3-N4O5L2M3N4O5}.Debug|Any CPU.Build.0 = Debug|Any CPU
		{L2M3N4O5-L2M3-N4O5-L2M3-N4O5L2M3N4O5}.Release|Any CPU.ActiveCfg = Release|Any CPU
		{L2M3N4O5-L2M3-N4O5-L2M3-N4O5L2M3N4O5}.Release|Any CPU.Build.0 = Release|Any CPU
		{M3N4O5P6-M3N4-O5P6-M3N4-O5P6M3N4O5P6}.Debug|Any CPU.ActiveCfg = Debug|Any CPU
		{M3N4O5P6-M3N4-O5P6-M3N4-O5P6M3N4O5P6}.Debug|Any CPU.Build.0 = Debug|Any CPU
		{M3N4O5P6-M3N4-O5P6-M3N4-O5P6M3N4O5P6}.Release|Any CPU.ActiveCfg = Release|Any CPU
		{M3N4O5P6-M3N4-O5P6-M3N4-O5P6M3N4O5P6}.Release|Any CPU.Build.0 = Release|Any CPU
		{N4O5P6Q7-N4O5-P6Q7-N4O5-P6Q7N4O5P6Q7}.Debug|Any CPU.ActiveCfg = Debug|Any CPU
		{N4O5P6Q7-N4O5-P6Q7-N4O5-P6Q7N4O5P6Q7}.Debug|Any CPU.Build.0 = Debug|Any CPU
		{N4O5P6Q7-N4O5-P6Q7-N4O5-P6Q7N4O5P6Q7}.Release|Any CPU.ActiveCfg = Release|Any CPU
		{N4O5P6Q7-N4O5-P6Q7-N4O5-P6Q7N4O5P6Q7}.Release|Any CPU.Build.0 = Release|Any CPU
	EndGlobalSection
	GlobalSection(NestedProjects) = preSolution
		{A1B2C3D4-A1B2-C3D4-A1B2-C3D4A1B2C3D4} = {8B1A7F8E-8B1A-4F8E-8B1A-7F8E8B1A4F8E}
		{B2C3D4E5-B2C3-D4E5-B2C3-D4E5B2C3D4E5} = {8B1A7F8E-8B1A-4F8E-8B1A-7F8E8B1A4F8E}
		{C3D4E5F6-C3D4-E5F6-C3D4-E5F6C3D4E5F6} = {8B1A7F8E-8B1A-4F8E-8B1A-7F8E8B1A4F8E}
		{D4E5F6G7-D4E5-F6G7-D4E5-F6G7D4E5F6G7} = {A1B2C3D4-A1B2-C3D4-A1B2-C3D4A1B2C3D4}
		{E5F6G7H8-E5F6-G7H8-E5F6-G7H8E5F6G7H8} = {A1B2C3D4-A1B2-C3D4-A1B2-C3D4A1B2C3D4}
		{F6G7H8I9-F6G7-H8I9-F6G7-H8I9F6G7H8I9} = {A1B2C3D4-A1B2-C3D4-A1B2-C3D4A1B2C3D4}
		{G7H8I9J0-G7H8-I9J0-G7H8-I9J0G7H8I9J0} = {A1B2C3D4-A1B2-C3D4-A1B2-C3D4A1B2C3D4}
		{H8I9J0K1-H8I9-J0K1-H8I9-J0K1H8I9J0K1} = {B2C3D4E5-B2C3-D4E5-B2C3-D4E5B2C3D4E5}
		{I9J0K1L2-I9J0-K1L2-I9J0-K1L2I9J0K1L2} = {B2C3D4E5-B2C3-D4E5-B2C3-D4E5B2C3D4E5}
		{J0K1L2M3-J0K1-L2M3-J0K1-L2M3J0K1L2M3} = {B2C3D4E5-B2C3-D4E5-B2C3-D4E5B2C3D4E5}
		{K1L2M3N4-K1L2-M3N4-K1L2-M3N4K1L2M3N4} = {B2C3D4E5-B2C3-D4E5-B2C3-D4E5B2C3D4E5}
		{L2M3N4O5-L2M3-N4O5-L2M3-N4O5L2M3N4O5} = {C3D4E5F6-C3D4-E5F6-C3D4-E5F6C3D4E5F6}
		{M3N4O5P6-M3N4-O5P6-M3N4-O5P6M3N4O5P6} = {9C2B8G9F-9C2B-5G9F-9C2B-8G9F9C2B5G9F}
		{N4O5P6Q7-N4O5-P6Q7-N4O5-P6Q7N4O5P6Q7} = {9C2B8G9F-9C2B-5G9F-9C2B-8G9F9C2B5G9F}
	EndGlobalSection
EndGlobal